<?xml version="1.0"?>
<plist version="1.0">
	<dict>
		<key>archiveVersion</key>
		<string>1</string>
		<key>classes</key>
		<dict />
		<key>objectVersion</key>
		<string>46</string>
		<key>objects</key>
		<dict>
			<key>E43C5A4AB73C09290F70362D</key>
			<dict>
				<key>fileRef</key>
				<string>6B019CCE940383653B1DBB5B</string>
				<key>isa</key>
				<string>PBXBuildFile</string>
			</dict>
			<key>6B019CCE940383653B1DBB5B</key>
			<dict>
				<key>explicitFileType</key>
				<string>sourcecode.cpp.cpp</string>
				<key>fileEncoding</key>
				<string>30</string>
				<key>isa</key>
				<string>PBXFileReference</string>
				<key>name</key>
				<string>Tracker.cc</string>
				<key>path</key>
				<string>../../../addons/ofxFaceTracker/libs/FaceTracker/src/lib/Tracker.cc</string>
				<key>sourceTree</key>
				<string>SOURCE_ROOT</string>
			</dict>
			<key>E6E21460246219EE9394310F</key>
			<dict>
				<key>fileRef</key>
				<string>DAE0121070E51316AFDAA2AE</string>
				<key>isa</key>
				<string>PBXBuildFile</string>
			</dict>
			<key>DAE0121070E51316AFDAA2AE</key>
			<dict>
				<key>explicitFileType</key>
				<string>sourcecode.cpp.cpp</string>
				<key>fileEncoding</key>
				<string>30</string>
				<key>isa</key>
				<string>PBXFileReference</string>
				<key>name</key>
				<string>PDM.cc</string>
				<key>path</key>
				<string>../../../addons/ofxFaceTracker/libs/FaceTracker/src/lib/PDM.cc</string>
				<key>sourceTree</key>
				<string>SOURCE_ROOT</string>
			</dict>
			<key>091CD626FECB03B3A6B3A1B2</key>
			<dict>
				<key>fileRef</key>
				<string>04BD78075F8C2DEC76B2F33A</string>
				<key>isa</key>
				<string>PBXBuildFile</string>
			</dict>
			<key>04BD78075F8C2DEC76B2F33A</key>
			<dict>
				<key>explicitFileType</key>
				<string>sourcecode.cpp.cpp</string>
				<key>fileEncoding</key>
				<string>30</string>
				<key>isa</key>
				<string>PBXFileReference</string>
				<key>name</key>
				<string>PAW.cc</string>
				<key>path</key>
				<string>../../../addons/ofxFaceTracker/libs/FaceTracker/src/lib/PAW.cc</string>
				<key>sourceTree</key>
				<string>SOURCE_ROOT</string>
			</dict>
			<key>4F02F4D92C36436C945A6716</key>
			<dict>
				<key>fileRef</key>
				<string>3769B74412282AEFEBDD8C86</string>
				<key>isa</key>
				<string>PBXBuildFile</string>
			</dict>
			<key>3769B74412282AEFEBDD8C86</key>
			<dict>
				<key>explicitFileType</key>
				<string>sourcecode.cpp.cpp</string>
				<key>fileEncoding</key>
				<string>30</string>
				<key>isa</key>
				<string>PBXFileReference</string>
				<key>name</key>
				<string>Patch.cc</string>
				<key>path</key>
				<string>../../../addons/ofxFaceTracker/libs/FaceTracker/src/lib/Patch.cc</string>
				<key>sourceTree</key>
				<string>SOURCE_ROOT</string>
			</dict>
			<key>DE44164709810C299EAAB202</key>
			<dict>
				<key>fileRef</key>
				<string>D0FB15518FE16B361D561235</string>
				<key>isa</key>
				<string>PBXBuildFile</string>
			</dict>
			<key>D0FB15518FE16B361D561235</key>
			<dict>
				<key>explicitFileType</key>
				<string>sourcecode.cpp.cpp</string>
				<key>fileEncoding</key>
				<string>30</string>
				<key>isa</key>
				<string>PBXFileReference</string>
				<key>name</key>
				<string>IO.cc</string>
				<key>path</key>
				<string>../../../addons/ofxFaceTracker/libs/FaceTracker/src/lib/IO.cc</string>
				<key>sourceTree</key>
				<string>SOURCE_ROOT</string>
			</dict>
			<key>6E23C8DD86B189759F85B24F</key>
			<dict>
				<key>fileRef</key>
				<string>CF243F4577A116D71116C5C8</string>
				<key>isa</key>
				<string>PBXBuildFile</string>
			</dict>
			<key>CF243F4577A116D71116C5C8</key>
			<dict>
				<key>explicitFileType</key>
				<string>sourcecode.cpp.cpp</string>
				<key>fileEncoding</key>
				<string>30</string>
				<key>isa</key>
				<string>PBXFileReference</string>
				<key>name</key>
				<string>FDet.cc</string>
				<key>path</key>
				<string>../../../addons/ofxFaceTracker/libs/FaceTracker/src/lib/FDet.cc</string>
				<key>sourceTree</key>
				<string>SOURCE_ROOT</string>
			</dict>
			<key>9F4DA577D30F7B7CA7B8E5F8</key>
			<dict>
				<key>fileRef</key>
				<string>C415F439B09BAEBA3FB3710F</string>
				<key>isa</key>
				<string>PBXBuildFile</string>
			</dict>
			<key>C415F439B09BAEBA3FB3710F</key>
			<dict>
				<key>explicitFileType</key>
				<string>sourcecode.cpp.cpp</string>
				<key>fileEncoding</key>
				<string>30</string>
				<key>isa</key>
				<string>PBXFileReference</string>
				<key>name</key>
				<string>FCheck.cc</string>
				<key>path</key>
				<string>../../../addons/ofxFaceTracker/libs/FaceTracker/src/lib/FCheck.cc</string>
				<key>sourceTree</key>
				<string>SOURCE_ROOT</string>
			</dict>
			<key>74312553B85B0FAC32207F8A</key>
			<dict>
				<key>children</key>
				<array>
					<string>BE9718AC2BA4516A804EE019</string>
					<string>C415F439B09BAEBA3FB3710F</string>
					<string>CF243F4577A116D71116C5C8</string>
					<string>D0FB15518FE16B361D561235</string>
					<string>3769B74412282AEFEBDD8C86</string>
					<string>04BD78075F8C2DEC76B2F33A</string>
					<string>DAE0121070E51316AFDAA2AE</string>
					<string>6B019CCE940383653B1DBB5B</string>
				</array>
				<key>isa</key>
				<string>PBXGroup</string>
				<key>name</key>
				<string>lib</string>
				<key>sourceTree</key>
				<string>&lt;group&gt;</string>
			</dict>
			<key>EE7AB71CA23FB7FF1C5A1E69</key>
			<dict>
				<key>children</key>
				<array>
					<string>74312553B85B0FAC32207F8A</string>
				</array>
				<key>isa</key>
				<string>PBXGroup</string>
				<key>name</key>
				<string>src</string>
				<key>sourceTree</key>
				<string>&lt;group&gt;</string>
			</dict>
			<key>80AE40254BBE0F03C25563C1</key>
			<dict>
				<key>fileRef</key>
				<string>BE9718AC2BA4516A804EE019</string>
				<key>isa</key>
				<string>PBXBuildFile</string>
			</dict>
			<key>BE9718AC2BA4516A804EE019</key>
			<dict>
				<key>explicitFileType</key>
				<string>sourcecode.cpp.cpp</string>
				<key>fileEncoding</key>
				<string>30</string>
				<key>isa</key>
				<string>PBXFileReference</string>
				<key>name</key>
				<string>CLM.cc</string>
				<key>path</key>
				<string>../../../addons/ofxFaceTracker/libs/FaceTracker/src/lib/CLM.cc</string>
				<key>sourceTree</key>
				<string>SOURCE_ROOT</string>
			</dict>
			<key>E45FD4B5C40A57B52BBDF8FE</key>
			<dict>
				<key>explicitFileType</key>
				<string>sourcecode.c.h</string>
				<key>fileEncoding</key>
				<string>30</string>
				<key>isa</key>
				<string>PBXFileReference</string>
				<key>name</key>
				<string>Tracker.h</string>
				<key>path</key>
				<string>../../../addons/ofxFaceTracker/libs/FaceTracker/include/FaceTracker/Tracker.h</string>
				<key>sourceTree</key>
				<string>SOURCE_ROOT</string>
			</dict>
			<key>C85A383D09885563499FA901</key>
			<dict>
				<key>explicitFileType</key>
				<string>sourcecode.c.h</string>
				<key>fileEncoding</key>
				<string>30</string>
				<key>isa</key>
				<string>PBXFileReference</string>
				<key>name</key>
				<string>PDM.h</string>
				<key>path</key>
				<string>../../../addons/ofxFaceTracker/libs/FaceTracker/include/FaceTracker/PDM.h</string>
				<key>sourceTree</key>
				<string>SOURCE_ROOT</string>
			</dict>
			<key>4ED0189D042D221948271DA2</key>
			<dict>
				<key>explicitFileType</key>
				<string>sourcecode.c.h</string>
				<key>fileEncoding</key>
				<string>30</string>
				<key>isa</key>
				<string>PBXFileReference</string>
				<key>name</key>
				<string>PAW.h</string>
				<key>path</key>
				<string>../../../addons/ofxFaceTracker/libs/FaceTracker/include/FaceTracker/PAW.h</string>
				<key>sourceTree</key>
				<string>SOURCE_ROOT</string>
			</dict>
			<key>E5ACB6B21FDA44C9B21F2B5D</key>
			<dict>
				<key>explicitFileType</key>
				<string>sourcecode.c.h</string>
				<key>fileEncoding</key>
				<string>30</string>
				<key>isa</key>
				<string>PBXFileReference</string>
				<key>name</key>
				<string>Patch.h</string>
				<key>path</key>
				<string>../../../addons/ofxFaceTracker/libs/FaceTracker/include/FaceTracker/Patch.h</string>
				<key>sourceTree</key>
				<string>SOURCE_ROOT</string>
			</dict>
			<key>19660B42DF06415007708495</key>
			<dict>
				<key>explicitFileType</key>
				<string>sourcecode.c.h</string>
				<key>fileEncoding</key>
				<string>30</string>
				<key>isa</key>
				<string>PBXFileReference</string>
				<key>name</key>
				<string>IO.h</string>
				<key>path</key>
				<string>../../../addons/ofxFaceTracker/libs/FaceTracker/include/FaceTracker/IO.h</string>
				<key>sourceTree</key>
				<string>SOURCE_ROOT</string>
			</dict>
			<key>4A520FABAFEBECF618A87D91</key>
			<dict>
				<key>explicitFileType</key>
				<string>sourcecode.c.h</string>
				<key>fileEncoding</key>
				<string>30</string>
				<key>isa</key>
				<string>PBXFileReference</string>
				<key>name</key>
				<string>FDet.h</string>
				<key>path</key>
				<string>../../../addons/ofxFaceTracker/libs/FaceTracker/include/FaceTracker/FDet.h</string>
				<key>sourceTree</key>
				<string>SOURCE_ROOT</string>
			</dict>
			<key>5034E204517C46FCBAB26BB3</key>
			<dict>
				<key>explicitFileType</key>
				<string>sourcecode.c.h</string>
				<key>fileEncoding</key>
				<string>30</string>
				<key>isa</key>
				<string>PBXFileReference</string>
				<key>name</key>
				<string>FCheck.h</string>
				<key>path</key>
				<string>../../../addons/ofxFaceTracker/libs/FaceTracker/include/FaceTracker/FCheck.h</string>
				<key>sourceTree</key>
				<string>SOURCE_ROOT</string>
			</dict>
			<key>E98B41DCE24F6EE3FAFB16AE</key>
			<dict>
				<key>children</key>
				<array>
					<string>D6D617703C368FA860A714A8</string>
					<string>5034E204517C46FCBAB26BB3</string>
					<string>4A520FABAFEBECF618A87D91</string>
					<string>19660B42DF06415007708495</string>
					<string>E5ACB6B21FDA44C9B21F2B5D</string>
					<string>4ED0189D042D221948271DA2</string>
					<string>C85A383D09885563499FA901</string>
					<string>E45FD4B5C40A57B52BBDF8FE</string>
				</array>
				<key>isa</key>
				<string>PBXGroup</string>
				<key>name</key>
				<string>FaceTracker</string>
				<key>sourceTree</key>
				<string>&lt;group&gt;</string>
			</dict>
			<key>FA7DE18CAD263BF5D191DB1B</key>
			<dict>
				<key>children</key>
				<array>
					<string>E98B41DCE24F6EE3FAFB16AE</string>
				</array>
				<key>isa</key>
				<string>PBXGroup</string>
				<key>name</key>
				<string>include</string>
				<key>sourceTree</key>
				<string>&lt;group&gt;</string>
			</dict>
			<key>8B6D45C09E1EE5AA0A7EC645</key>
			<dict>
				<key>children</key>
				<array>
					<string>FA7DE18CAD263BF5D191DB1B</string>
					<string>EE7AB71CA23FB7FF1C5A1E69</string>
				</array>
				<key>isa</key>
				<string>PBXGroup</string>
				<key>name</key>
				<string>FaceTracker</string>
				<key>sourceTree</key>
				<string>&lt;group&gt;</string>
			</dict>
			<key>96E8AB44895C3D65BDB04141</key>
			<dict>
				<key>children</key>
				<array>
					<string>8B6D45C09E1EE5AA0A7EC645</string>
				</array>
				<key>isa</key>
				<string>PBXGroup</string>
				<key>name</key>
				<string>libs</string>
				<key>sourceTree</key>
				<string>&lt;group&gt;</string>
			</dict>
			<key>D6D617703C368FA860A714A8</key>
			<dict>
				<key>explicitFileType</key>
				<string>sourcecode.c.h</string>
				<key>fileEncoding</key>
				<string>30</string>
				<key>isa</key>
				<string>PBXFileReference</string>
				<key>name</key>
				<string>CLM.h</string>
				<key>path</key>
				<string>../../../addons/ofxFaceTracker/libs/FaceTracker/include/FaceTracker/CLM.h</string>
				<key>sourceTree</key>
				<string>SOURCE_ROOT</string>
			</dict>
			<key>BC378899A000AA03D8319C6D</key>
			<dict>
				<key>explicitFileType</key>
				<string>sourcecode.c.h</string>
				<key>fileEncoding</key>
				<string>30</string>
				<key>isa</key>
				<string>PBXFileReference</string>
				<key>name</key>
				<string>ofxFaceTrackerThreaded.h</string>
				<key>path</key>
				<string>../../../addons/ofxFaceTracker/src/ofxFaceTrackerThreaded.h</string>
				<key>sourceTree</key>
				<string>SOURCE_ROOT</string>
			</dict>
			<key>9983B45C4BCBC6E62F11CA89</key>
			<dict>
				<key>explicitFileType</key>
				<string>sourcecode.c.h</string>
				<key>fileEncoding</key>
				<string>30</string>
				<key>isa</key>
				<string>PBXFileReference</string>
				<key>name</key>
				<string>ofxFaceTracker.h</string>
				<key>path</key>
				<string>../../../addons/ofxFaceTracker/src/ofxFaceTracker.h</string>
				<key>sourceTree</key>
				<string>SOURCE_ROOT</string>
			</dict>
			<key>24735CD2E138DC5C1F0A1085</key>
			<dict>
				<key>fileRef</key>
				<string>185BB9B07B8DB74BD2D3211F</string>
				<key>isa</key>
				<string>PBXBuildFile</string>
			</dict>
			<key>185BB9B07B8DB74BD2D3211F</key>
			<dict>
				<key>explicitFileType</key>
				<string>sourcecode.cpp.cpp</string>
				<key>fileEncoding</key>
				<string>30</string>
				<key>isa</key>
				<string>PBXFileReference</string>
				<key>name</key>
				<string>ofxFaceTracker.cpp</string>
				<key>path</key>
				<string>../../../addons/ofxFaceTracker/src/ofxFaceTracker.cpp</string>
				<key>sourceTree</key>
				<string>SOURCE_ROOT</string>
			</dict>
			<key>D7FC0C82351EE2E8ED7786B0</key>
			<dict>
				<key>explicitFileType</key>
				<string>sourcecode.c.h</string>
				<key>fileEncoding</key>
				<string>30</string>
				<key>isa</key>
				<string>PBXFileReference</string>
				<key>name</key>
				<string>ExpressionClassifier.h</string>
				<key>path</key>
				<string>../../../addons/ofxFaceTracker/src/ExpressionClassifier.h</string>
				<key>sourceTree</key>
				<string>SOURCE_ROOT</string>
			</dict>
			<key>8AC885FBC5325950337592D2</key>
			<dict>
				<key>fileRef</key>
				<string>C4F6F873496C3527A28B87F4</string>
				<key>isa</key>
				<string>PBXBuildFile</string>
			</dict>
			<key>C4F6F873496C3527A28B87F4</key>
			<dict>
				<key>explicitFileType</key>
				<string>sourcecode.cpp.cpp</string>
				<key>fileEncoding</key>
				<string>30</string>
				<key>isa</key>
				<string>PBXFileReference</string>
				<key>name</key>
				<string>ExpressionClassifier.cpp</string>
				<key>path</key>
				<string>../../../addons/ofxFaceTracker/src/ExpressionClassifier.cpp</string>
				<key>sourceTree</key>
				<string>SOURCE_ROOT</string>
			</dict>
			<key>F770DA84DFD6BF6A87C2A1BA</key>
			<dict>
				<key>explicitFileType</key>
				<string>sourcecode.c.h</string>
				<key>fileEncoding</key>
				<string>30</string>
				<key>isa</key>
				<string>PBXFileReference</string>
				<key>name</key>
				<string>Expression.h</string>
				<key>path</key>
				<string>../../../addons/ofxFaceTracker/src/Expression.h</string>
				<key>sourceTree</key>
				<string>SOURCE_ROOT</string>
			</dict>
			<key>EE1E8A73C6C6A1D433F5FA51</key>
			<dict>
				<key>children</key>
				<array>
					<string>4A540C8561D44FEEAF5641D0</string>
					<string>F770DA84DFD6BF6A87C2A1BA</string>
					<string>C4F6F873496C3527A28B87F4</string>
					<string>D7FC0C82351EE2E8ED7786B0</string>
					<string>185BB9B07B8DB74BD2D3211F</string>
					<string>9983B45C4BCBC6E62F11CA89</string>
					<string>BC378899A000AA03D8319C6D</string>
				</array>
				<key>isa</key>
				<string>PBXGroup</string>
				<key>name</key>
				<string>src</string>
				<key>sourceTree</key>
				<string>&lt;group&gt;</string>
			</dict>
			<key>2B86176FA97BFB2BEE1F2F83</key>
			<dict>
				<key>children</key>
				<array>
					<string>EE1E8A73C6C6A1D433F5FA51</string>
					<string>96E8AB44895C3D65BDB04141</string>
				</array>
				<key>isa</key>
				<string>PBXGroup</string>
				<key>name</key>
				<string>ofxFaceTracker</string>
				<key>sourceTree</key>
				<string>&lt;group&gt;</string>
			</dict>
			<key>F451166A6C72528F3F009F6C</key>
			<dict>
				<key>fileRef</key>
				<string>4A540C8561D44FEEAF5641D0</string>
				<key>isa</key>
				<string>PBXBuildFile</string>
			</dict>
			<key>4A540C8561D44FEEAF5641D0</key>
			<dict>
				<key>explicitFileType</key>
				<string>sourcecode.cpp.cpp</string>
				<key>fileEncoding</key>
				<string>30</string>
				<key>isa</key>
				<string>PBXFileReference</string>
				<key>name</key>
				<string>Expression.cpp</string>
				<key>path</key>
				<string>../../../addons/ofxFaceTracker/src/Expression.cpp</string>
				<key>sourceTree</key>
				<string>SOURCE_ROOT</string>
			</dict>
			<key>BB4B014C10F69532006C3DED</key>
			<dict>
				<key>children</key>
				<array>
					<string>2B86176FA97BFB2BEE1F2F83</string>
				</array>
				<key>isa</key>
				<string>PBXGroup</string>
				<key>name</key>
				<string>addons</string>
				<key>sourceTree</key>
				<string>&lt;group&gt;</string>
			</dict>
			<key>BBAB23BE13894E4700AA2426</key>
			<dict>
				<key>isa</key>
				<string>PBXFileReference</string>
				<key>lastKnownFileType</key>
				<string>wrapper.framework</string>
				<key>name</key>
				<string>GLUT.framework</string>
				<key>path</key>
				<string>../../../libs/glut/lib/osx/GLUT.framework</string>
				<key>sourceTree</key>
				<string>&lt;group&gt;</string>
			</dict>
			<key>BBAB23C913894ECA00AA2426</key>
			<dict>
				<key>children</key>
				<array>
					<string>E7F985F515E0DE99003869B5</string>
					<string>E4C2424410CC5A17004149E2</string>
					<string>E4C2424510CC5A17004149E2</string>
					<string>E4C2424610CC5A17004149E2</string>
					<string>E45BE9710E8CC7DD009D7055</string>
					<string>E45BE9720E8CC7DD009D7055</string>
					<string>E45BE9730E8CC7DD009D7055</string>
					<string>E45BE9750E8CC7DD009D7055</string>
					<string>E45BE9760E8CC7DD009D7055</string>
					<string>E45BE9770E8CC7DD009D7055</string>
					<string>E45BE9790E8CC7DD009D7055</string>
					<string>E45BE97A0E8CC7DD009D7055</string>
					<string>E7E077E415D3B63C0020DFD4</string>
					<string>E7E077E715D3B6510020DFD4</string>
				</array>
				<key>isa</key>
				<string>PBXGroup</string>
				<key>name</key>
				<string>system frameworks</string>
				<key>sourceTree</key>
				<string>&lt;group&gt;</string>
			</dict>
			<key>BBAB23CA13894EDB00AA2426</key>
			<dict>
				<key>children</key>
				<array>
					<string>BBAB23BE13894E4700AA2426</string>
				</array>
				<key>isa</key>
				<string>PBXGroup</string>
				<key>name</key>
				<string>3rd party frameworks</string>
				<key>sourceTree</key>
				<string>&lt;group&gt;</string>
			</dict>
			<key>BBAB23CB13894F3D00AA2426</key>
			<dict>
				<key>fileRef</key>
				<string>BBAB23BE13894E4700AA2426</string>
				<key>isa</key>
				<string>PBXBuildFile</string>
			</dict>
			<key>E4328143138ABC890047C5CB</key>
			<dict>
				<key>isa</key>
				<string>PBXFileReference</string>
				<key>lastKnownFileType</key>
				<string>wrapper.pb-project</string>
				<key>name</key>
				<string>openFrameworksLib.xcodeproj</string>
				<key>path</key>
				<string>../../../libs/openFrameworksCompiled/project/osx/openFrameworksLib.xcodeproj</string>
				<key>sourceTree</key>
				<string>SOURCE_ROOT</string>
			</dict>
			<key>E4328144138ABC890047C5CB</key>
			<dict>
				<key>children</key>
				<array>
					<string>E4328148138ABC890047C5CB</string>
				</array>
				<key>isa</key>
				<string>PBXGroup</string>
				<key>name</key>
				<string>Products</string>
				<key>sourceTree</key>
				<string>&lt;group&gt;</string>
			</dict>
			<key>E4328147138ABC890047C5CB</key>
			<dict>
				<key>containerPortal</key>
				<string>E4328143138ABC890047C5CB</string>
				<key>isa</key>
				<string>PBXContainerItemProxy</string>
				<key>proxyType</key>
				<string>2</string>
				<key>remoteGlobalIDString</key>
				<string>E4B27C1510CBEB8E00536013</string>
				<key>remoteInfo</key>
				<string>openFrameworks</string>
			</dict>
			<key>E4328148138ABC890047C5CB</key>
			<dict>
				<key>fileType</key>
				<string>archive.ar</string>
				<key>isa</key>
				<string>PBXReferenceProxy</string>
				<key>path</key>
				<string>openFrameworksDebug.a</string>
				<key>remoteRef</key>
				<string>E4328147138ABC890047C5CB</string>
				<key>sourceTree</key>
				<string>BUILT_PRODUCTS_DIR</string>
			</dict>
			<key>E4328149138ABC9F0047C5CB</key>
			<dict>
				<key>fileRef</key>
				<string>E4328148138ABC890047C5CB</string>
				<key>isa</key>
				<string>PBXBuildFile</string>
			</dict>
			<key>E45BE5980E8CC70C009D7055</key>
			<dict>
				<key>children</key>
				<array>
					<string>BBAB23CA13894EDB00AA2426</string>
					<string>BBAB23C913894ECA00AA2426</string>
				</array>
				<key>isa</key>
				<string>PBXGroup</string>
				<key>name</key>
				<string>frameworks</string>
				<key>sourceTree</key>
				<string>&lt;group&gt;</string>
			</dict>
			<key>E45BE9710E8CC7DD009D7055</key>
			<dict>
				<key>isa</key>
				<string>PBXFileReference</string>
				<key>lastKnownFileType</key>
				<string>wrapper.framework</string>
				<key>name</key>
				<string>AGL.framework</string>
				<key>path</key>
				<string>/System/Library/Frameworks/AGL.framework</string>
				<key>sourceTree</key>
				<string>&lt;absolute&gt;</string>
			</dict>
			<key>E45BE9720E8CC7DD009D7055</key>
			<dict>
				<key>isa</key>
				<string>PBXFileReference</string>
				<key>lastKnownFileType</key>
				<string>wrapper.framework</string>
				<key>name</key>
				<string>ApplicationServices.framework</string>
				<key>path</key>
				<string>/System/Library/Frameworks/ApplicationServices.framework</string>
				<key>sourceTree</key>
				<string>&lt;absolute&gt;</string>
			</dict>
			<key>E45BE9730E8CC7DD009D7055</key>
			<dict>
				<key>isa</key>
				<string>PBXFileReference</string>
				<key>lastKnownFileType</key>
				<string>wrapper.framework</string>
				<key>name</key>
				<string>AudioToolbox.framework</string>
				<key>path</key>
				<string>/System/Library/Frameworks/AudioToolbox.framework</string>
				<key>sourceTree</key>
				<string>&lt;absolute&gt;</string>
			</dict>
			<key>E45BE9750E8CC7DD009D7055</key>
			<dict>
				<key>isa</key>
				<string>PBXFileReference</string>
				<key>lastKnownFileType</key>
				<string>wrapper.framework</string>
				<key>name</key>
				<string>CoreAudio.framework</string>
				<key>path</key>
				<string>/System/Library/Frameworks/CoreAudio.framework</string>
				<key>sourceTree</key>
				<string>&lt;absolute&gt;</string>
			</dict>
			<key>E45BE9760E8CC7DD009D7055</key>
			<dict>
				<key>isa</key>
				<string>PBXFileReference</string>
				<key>lastKnownFileType</key>
				<string>wrapper.framework</string>
				<key>name</key>
				<string>CoreFoundation.framework</string>
				<key>path</key>
				<string>/System/Library/Frameworks/CoreFoundation.framework</string>
				<key>sourceTree</key>
				<string>&lt;absolute&gt;</string>
			</dict>
			<key>E45BE9770E8CC7DD009D7055</key>
			<dict>
				<key>isa</key>
				<string>PBXFileReference</string>
				<key>lastKnownFileType</key>
				<string>wrapper.framework</string>
				<key>name</key>
				<string>CoreServices.framework</string>
				<key>path</key>
				<string>/System/Library/Frameworks/CoreServices.framework</string>
				<key>sourceTree</key>
				<string>&lt;absolute&gt;</string>
			</dict>
			<key>E45BE9790E8CC7DD009D7055</key>
			<dict>
				<key>isa</key>
				<string>PBXFileReference</string>
				<key>lastKnownFileType</key>
				<string>wrapper.framework</string>
				<key>name</key>
				<string>OpenGL.framework</string>
				<key>path</key>
				<string>/System/Library/Frameworks/OpenGL.framework</string>
				<key>sourceTree</key>
				<string>&lt;absolute&gt;</string>
			</dict>
			<key>E45BE97A0E8CC7DD009D7055</key>
			<dict>
				<key>isa</key>
				<string>PBXFileReference</string>
				<key>lastKnownFileType</key>
				<string>wrapper.framework</string>
				<key>name</key>
				<string>QuickTime.framework</string>
				<key>path</key>
				<string>/System/Library/Frameworks/QuickTime.framework</string>
				<key>sourceTree</key>
				<string>&lt;absolute&gt;</string>
			</dict>
			<key>E45BE97B0E8CC7DD009D7055</key>
			<dict>
				<key>fileRef</key>
				<string>E45BE9710E8CC7DD009D7055</string>
				<key>isa</key>
				<string>PBXBuildFile</string>
			</dict>
			<key>E45BE97C0E8CC7DD009D7055</key>
			<dict>
				<key>fileRef</key>
				<string>E45BE9720E8CC7DD009D7055</string>
				<key>isa</key>
				<string>PBXBuildFile</string>
			</dict>
			<key>E45BE97D0E8CC7DD009D7055</key>
			<dict>
				<key>fileRef</key>
				<string>E45BE9730E8CC7DD009D7055</string>
				<key>isa</key>
				<string>PBXBuildFile</string>
			</dict>
			<key>E45BE97F0E8CC7DD009D7055</key>
			<dict>
				<key>fileRef</key>
				<string>E45BE9750E8CC7DD009D7055</string>
				<key>isa</key>
				<string>PBXBuildFile</string>
			</dict>
			<key>E45BE9800E8CC7DD009D7055</key>
			<dict>
				<key>fileRef</key>
				<string>E45BE9760E8CC7DD009D7055</string>
				<key>isa</key>
				<string>PBXBuildFile</string>
			</dict>
			<key>E45BE9810E8CC7DD009D7055</key>
			<dict>
				<key>fileRef</key>
				<string>E45BE9770E8CC7DD009D7055</string>
				<key>isa</key>
				<string>PBXBuildFile</string>
			</dict>
			<key>E45BE9830E8CC7DD009D7055</key>
			<dict>
				<key>fileRef</key>
				<string>E45BE9790E8CC7DD009D7055</string>
				<key>isa</key>
				<string>PBXBuildFile</string>
			</dict>
			<key>E45BE9840E8CC7DD009D7055</key>
			<dict>
				<key>fileRef</key>
				<string>E45BE97A0E8CC7DD009D7055</string>
				<key>isa</key>
				<string>PBXBuildFile</string>
			</dict>
			<key>E4B69B4A0A3A1720003C02F2</key>
			<dict>
				<key>children</key>
				<array>
					<string>E4B6FCAD0C3E899E008CF71C</string>
					<string>E4EB6923138AFD0F00A09F29</string>
					<string>E4B69E1C0A3A1BDC003C02F2</string>
					<string>E4EEC9E9138DF44700A80321</string>
					<string>BB4B014C10F69532006C3DED</string>
					<string>E45BE5980E8CC70C009D7055</string>
					<string>E4B69B5B0A3A1756003C02F2</string>
				</array>
				<key>isa</key>
				<string>PBXGroup</string>
				<key>sourceTree</key>
				<string>&lt;group&gt;</string>
			</dict>
			<key>E4B69B4C0A3A1720003C02F2</key>
			<dict>
				<key>attributes</key>
				<dict>
					<key>LastUpgradeCheck</key>
					<string>0460</string>
				</dict>
				<key>buildConfigurationList</key>
				<string>E4B69B4D0A3A1720003C02F2</string>
				<key>compatibilityVersion</key>
				<string>Xcode 3.2</string>
				<key>developmentRegion</key>
				<string>English</string>
				<key>hasScannedForEncodings</key>
				<string>0</string>
				<key>isa</key>
				<string>PBXProject</string>
				<key>knownRegions</key>
				<array>
					<string>English</string>
					<string>Japanese</string>
					<string>French</string>
					<string>German</string>
				</array>
				<key>mainGroup</key>
				<string>E4B69B4A0A3A1720003C02F2</string>
				<key>productRefGroup</key>
				<string>E4B69B4A0A3A1720003C02F2</string>
				<key>projectDirPath</key>
				<string />
				<key>projectReferences</key>
				<array>
					<dict>
						<key>ProductGroup</key>
						<string>E4328144138ABC890047C5CB</string>
						<key>ProjectRef</key>
						<string>E4328143138ABC890047C5CB</string>
					</dict>
				</array>
				<key>projectRoot</key>
				<string />
				<key>targets</key>
				<array>
					<string>E4B69B5A0A3A1756003C02F2</string>
				</array>
			</dict>
			<key>E4B69B4D0A3A1720003C02F2</key>
			<dict>
				<key>buildConfigurations</key>
				<array>
					<string>E4B69B4E0A3A1720003C02F2</string>
					<string>E4B69B4F0A3A1720003C02F2</string>
				</array>
				<key>defaultConfigurationIsVisible</key>
				<string>0</string>
				<key>defaultConfigurationName</key>
				<string>Release</string>
				<key>isa</key>
				<string>XCConfigurationList</string>
			</dict>
			<key>E4B69B4E0A3A1720003C02F2</key>
			<dict>
				<key>baseConfigurationReference</key>
				<string>E4EB6923138AFD0F00A09F29</string>
				<key>buildSettings</key>
				<dict>
					<key>HEADER_SEARCH_PATHS</key>
					<array>
						<string>$(OF_CORE_HEADERS)</string>
						<string>../../../addons/ofxFaceTracker/libs</string>
						<string>../../../addons/ofxFaceTracker/libs/FaceTracker</string>
						<string>../../../addons/ofxFaceTracker/libs/FaceTracker/include</string>
						<string>../../../addons/ofxFaceTracker/libs/FaceTracker/include/FaceTracker</string>
						<string>../../../addons/ofxFaceTracker/libs/FaceTracker/model</string>
						<string>../../../addons/ofxFaceTracker/libs/FaceTracker/src</string>
						<string>../../../addons/ofxFaceTracker/libs/FaceTracker/src/lib</string>
						<string>../../../addons/ofxFaceTracker/src</string>
					</array>
					<key>ARCHS</key>
					<string>$(NATIVE_ARCH)</string>
					<key>CONFIGURATION_BUILD_DIR</key>
					<string>$(SRCROOT)/bin/</string>
					<key>COPY_PHASE_STRIP</key>
					<string>NO</string>
					<key>DEAD_CODE_STRIPPING</key>
					<string>YES</string>
					<key>GCC_AUTO_VECTORIZATION</key>
					<string>YES</string>
					<key>GCC_ENABLE_SSE3_EXTENSIONS</key>
					<string>YES</string>
					<key>GCC_ENABLE_SUPPLEMENTAL_SSE3_INSTRUCTIONS</key>
					<string>YES</string>
					<key>GCC_INLINES_ARE_PRIVATE_EXTERN</key>
					<string>NO</string>
					<key>GCC_OPTIMIZATION_LEVEL</key>
					<string>0</string>
					<key>GCC_SYMBOLS_PRIVATE_EXTERN</key>
					<string>NO</string>
					<key>GCC_WARN_ABOUT_DEPRECATED_FUNCTIONS</key>
					<string>YES</string>
					<key>GCC_WARN_ABOUT_INVALID_OFFSETOF_MACRO</key>
					<string>NO</string>
					<key>GCC_WARN_ALLOW_INCOMPLETE_PROTOCOL</key>
					<string>NO</string>
					<key>GCC_WARN_UNINITIALIZED_AUTOS</key>
					<string>NO</string>
					<key>GCC_WARN_UNUSED_VALUE</key>
					<string>NO</string>
					<key>GCC_WARN_UNUSED_VARIABLE</key>
					<string>NO</string>
					<key>MACOSX_DEPLOYMENT_TARGET</key>
					<string>10.6</string>
					<key>OTHER_CPLUSPLUSFLAGS</key>
					<array>
						<string>-D__MACOSX_CORE__</string>
						<string>-lpthread</string>
						<string>-mtune=native</string>
					</array>
					<key>SDKROOT</key>
					<string>macosx</string>
				</dict>
				<key>isa</key>
				<string>XCBuildConfiguration</string>
				<key>name</key>
				<string>Debug</string>
			</dict>
			<key>E4B69B4F0A3A1720003C02F2</key>
			<dict>
				<key>baseConfigurationReference</key>
				<string>E4EB6923138AFD0F00A09F29</string>
				<key>buildSettings</key>
				<dict>
					<key>HEADER_SEARCH_PATHS</key>
					<array>
						<string>$(OF_CORE_HEADERS)</string>
						<string>../../../addons/ofxFaceTracker/libs</string>
						<string>../../../addons/ofxFaceTracker/libs/FaceTracker</string>
						<string>../../../addons/ofxFaceTracker/libs/FaceTracker/include</string>
						<string>../../../addons/ofxFaceTracker/libs/FaceTracker/include/FaceTracker</string>
						<string>../../../addons/ofxFaceTracker/libs/FaceTracker/model</string>
						<string>../../../addons/ofxFaceTracker/libs/FaceTracker/src</string>
						<string>../../../addons/ofxFaceTracker/libs/FaceTracker/src/lib</string>
						<string>../../../addons/ofxFaceTracker/src</string>
					</array>
					<key>ARCHS</key>
					<string>$(NATIVE_ARCH)</string>
					<key>CONFIGURATION_BUILD_DIR</key>
					<string>$(SRCROOT)/bin/</string>
					<key>COPY_PHASE_STRIP</key>
					<string>YES</string>
					<key>DEAD_CODE_STRIPPING</key>
					<string>YES</string>
					<key>GCC_AUTO_VECTORIZATION</key>
					<string>YES</string>
					<key>GCC_ENABLE_SSE3_EXTENSIONS</key>
					<string>YES</string>
					<key>GCC_ENABLE_SUPPLEMENTAL_SSE3_INSTRUCTIONS</key>
					<string>YES</string>
					<key>GCC_INLINES_ARE_PRIVATE_EXTERN</key>
					<string>NO</string>
					<key>GCC_OPTIMIZATION_LEVEL</key>
					<string>3</string>
					<key>GCC_SYMBOLS_PRIVATE_EXTERN</key>
					<string>NO</string>
					<key>GCC_UNROLL_LOOPS</key>
					<string>YES</string>
					<key>GCC_WARN_ABOUT_DEPRECATED_FUNCTIONS</key>
					<string>YES</string>
					<key>GCC_WARN_ABOUT_INVALID_OFFSETOF_MACRO</key>
					<string>NO</string>
					<key>GCC_WARN_ALLOW_INCOMPLETE_PROTOCOL</key>
					<string>NO</string>
					<key>GCC_WARN_UNINITIALIZED_AUTOS</key>
					<string>NO</string>
					<key>GCC_WARN_UNUSED_VALUE</key>
					<string>NO</string>
					<key>GCC_WARN_UNUSED_VARIABLE</key>
					<string>NO</string>
					<key>MACOSX_DEPLOYMENT_TARGET</key>
					<string>10.6</string>
					<key>OTHER_CPLUSPLUSFLAGS</key>
					<array>
						<string>-D__MACOSX_CORE__</string>
						<string>-lpthread</string>
						<string>-mtune=native</string>
					</array>
					<key>SDKROOT</key>
					<string>macosx</string>
				</dict>
				<key>isa</key>
				<string>XCBuildConfiguration</string>
				<key>name</key>
				<string>Release</string>
			</dict>
			<key>E4B69B580A3A1756003C02F2</key>
			<dict>
				<key>buildActionMask</key>
				<string>2147483647</string>
				<key>files</key>
				<array>
					<string>E4B69E200A3A1BDC003C02F2</string>
					<string>E4B69E210A3A1BDC003C02F2</string>
					<string>F451166A6C72528F3F009F6C</string>
					<string>8AC885FBC5325950337592D2</string>
					<string>24735CD2E138DC5C1F0A1085</string>
					<string>80AE40254BBE0F03C25563C1</string>
					<string>9F4DA577D30F7B7CA7B8E5F8</string>
					<string>6E23C8DD86B189759F85B24F</string>
					<string>DE44164709810C299EAAB202</string>
					<string>4F02F4D92C36436C945A6716</string>
					<string>091CD626FECB03B3A6B3A1B2</string>
					<string>E6E21460246219EE9394310F</string>
					<string>E43C5A4AB73C09290F70362D</string>
				</array>
				<key>isa</key>
				<string>PBXSourcesBuildPhase</string>
				<key>runOnlyForDeploymentPostprocessing</key>
				<string>0</string>
			</dict>
			<key>E4B69B590A3A1756003C02F2</key>
			<dict>
				<key>buildActionMask</key>
				<string>2147483647</string>
				<key>files</key>
				<array>
					<string>E7F985F815E0DEA3003869B5</string>
					<string>E7E077E815D3B6510020DFD4</string>
					<string>E4EB6799138ADC1D00A09F29</string>
					<string>E4328149138ABC9F0047C5CB</string>
					<string>E45BE97B0E8CC7DD009D7055</string>
					<string>E45BE97C0E8CC7DD009D7055</string>
					<string>E45BE97D0E8CC7DD009D7055</string>
					<string>E45BE97F0E8CC7DD009D7055</string>
					<string>E45BE9800E8CC7DD009D7055</string>
					<string>E45BE9810E8CC7DD009D7055</string>
					<string>E45BE9830E8CC7DD009D7055</string>
					<string>E45BE9840E8CC7DD009D7055</string>
					<string>E4C2424710CC5A17004149E2</string>
					<string>E4C2424810CC5A17004149E2</string>
					<string>E4C2424910CC5A17004149E2</string>
					<string>E7E077E515D3B63C0020DFD4</string>
				</array>
				<key>isa</key>
				<string>PBXFrameworksBuildPhase</string>
				<key>runOnlyForDeploymentPostprocessing</key>
				<string>0</string>
			</dict>
			<key>E4B69B5A0A3A1756003C02F2</key>
			<dict>
				<key>buildConfigurationList</key>
				<string>E4B69B5F0A3A1757003C02F2</string>
				<key>buildPhases</key>
				<array>
					<string>E4B69B580A3A1756003C02F2</string>
					<string>E4B69B590A3A1756003C02F2</string>
					<string>E4B6FFFD0C3F9AB9008CF71C</string>
					<string>E4C2427710CC5ABF004149E2</string>
				</array>
				<key>buildRules</key>
				<array />
				<key>dependencies</key>
				<array>
					<string>E4EEB9AC138B136A00A80321</string>
				</array>
				<key>isa</key>
				<string>PBXNativeTarget</string>
				<key>name</key>
				<string>FaceDrawing</string>
				<key>productName</key>
				<string>myOFApp</string>
				<key>productReference</key>
				<string>E4B69B5B0A3A1756003C02F2</string>
				<key>productType</key>
				<string>com.apple.product-type.application</string>
			</dict>
			<key>E4B69B5B0A3A1756003C02F2</key>
			<dict>
				<key>explicitFileType</key>
				<string>wrapper.application</string>
				<key>includeInIndex</key>
				<string>0</string>
				<key>isa</key>
				<string>PBXFileReference</string>
				<key>path</key>
				<string>FaceDrawingDebug.app</string>
				<key>sourceTree</key>
				<string>BUILT_PRODUCTS_DIR</string>
			</dict>
			<key>E4B69B5F0A3A1757003C02F2</key>
			<dict>
				<key>buildConfigurations</key>
				<array>
					<string>E4B69B600A3A1757003C02F2</string>
					<string>E4B69B610A3A1757003C02F2</string>
				</array>
				<key>defaultConfigurationIsVisible</key>
				<string>0</string>
				<key>defaultConfigurationName</key>
				<string>Release</string>
				<key>isa</key>
				<string>XCConfigurationList</string>
			</dict>
			<key>E4B69B600A3A1757003C02F2</key>
			<dict>
				<key>buildSettings</key>
				<dict>
					<key>COMBINE_HIDPI_IMAGES</key>
					<string>YES</string>
					<key>COPY_PHASE_STRIP</key>
					<string>NO</string>
					<key>FRAMEWORK_SEARCH_PATHS</key>
					<array>
						<string>$(inherited)</string>
						<string>$(FRAMEWORK_SEARCH_PATHS_QUOTED_FOR_TARGET_1)</string>
					</array>
					<key>FRAMEWORK_SEARCH_PATHS_QUOTED_FOR_TARGET_1</key>
					<string>"$(SRCROOT)/../../../libs/glut/lib/osx"</string>
					<key>GCC_DYNAMIC_NO_PIC</key>
					<string>NO</string>
					<key>GCC_GENERATE_DEBUGGING_SYMBOLS</key>
					<string>YES</string>
					<key>GCC_MODEL_TUNING</key>
					<string>NONE</string>
					<key>ICON</key>
					<string>$(ICON_NAME_DEBUG)</string>
					<key>ICON_FILE</key>
					<string>$(ICON_FILE_PATH)$(ICON)</string>
					<key>INFOPLIST_FILE</key>
					<string>openFrameworks-Info.plist</string>
					<key>INSTALL_PATH</key>
					<string>$(HOME)/Applications</string>
					<key>LIBRARY_SEARCH_PATHS</key>
					<array>
						<string>$(inherited)</string>
						<string>$(LIBRARY_SEARCH_PATHS_QUOTED_FOR_TARGET_1)</string>
						<string>$(LIBRARY_SEARCH_PATHS_QUOTED_FOR_TARGET_2)</string>
						<string>$(LIBRARY_SEARCH_PATHS_QUOTED_FOR_TARGET_3)</string>
						<string>$(LIBRARY_SEARCH_PATHS_QUOTED_FOR_TARGET_4)</string>
						<string>$(LIBRARY_SEARCH_PATHS_QUOTED_FOR_TARGET_5)</string>
						<string>$(LIBRARY_SEARCH_PATHS_QUOTED_FOR_TARGET_6)</string>
						<string>$(LIBRARY_SEARCH_PATHS_QUOTED_FOR_TARGET_7)</string>
						<string>$(LIBRARY_SEARCH_PATHS_QUOTED_FOR_TARGET_8)</string>
						<string>$(LIBRARY_SEARCH_PATHS_QUOTED_FOR_TARGET_9)</string>
						<string>$(LIBRARY_SEARCH_PATHS_QUOTED_FOR_TARGET_10)</string>
						<string>$(LIBRARY_SEARCH_PATHS_QUOTED_FOR_TARGET_11)</string>
						<string>$(LIBRARY_SEARCH_PATHS_QUOTED_FOR_TARGET_12)</string>
						<string>$(LIBRARY_SEARCH_PATHS_QUOTED_FOR_TARGET_13)</string>
						<string>$(LIBRARY_SEARCH_PATHS_QUOTED_FOR_TARGET_14)</string>
						<string>$(LIBRARY_SEARCH_PATHS_QUOTED_FOR_TARGET_15)</string>
						<string>$(LIBRARY_SEARCH_PATHS_QUOTED_FOR_TARGET_2)</string>
						<string>$(LIBRARY_SEARCH_PATHS_QUOTED_FOR_TARGET_3)</string>
						<string>$(LIBRARY_SEARCH_PATHS_QUOTED_FOR_TARGET_7)</string>
						<string>$(LIBRARY_SEARCH_PATHS_QUOTED_FOR_TARGET_8)</string>
						<string>$(LIBRARY_SEARCH_PATHS_QUOTED_FOR_TARGET_9)</string>
						<string>$(LIBRARY_SEARCH_PATHS_QUOTED_FOR_TARGET_10)</string>
						<string>$(LIBRARY_SEARCH_PATHS_QUOTED_FOR_TARGET_11)</string>
						<string>$(LIBRARY_SEARCH_PATHS_QUOTED_FOR_TARGET_12)</string>
						<string>$(LIBRARY_SEARCH_PATHS_QUOTED_FOR_TARGET_13)</string>
						<string>$(LIBRARY_SEARCH_PATHS_QUOTED_FOR_TARGET_16)</string>
						<string>$(LIBRARY_SEARCH_PATHS_QUOTED_FOR_TARGET_17)</string>
						<string>$(LIBRARY_SEARCH_PATHS_QUOTED_FOR_TARGET_18)</string>
						<string>$(LIBRARY_SEARCH_PATHS_QUOTED_FOR_TARGET_19)</string>
						<string>$(LIBRARY_SEARCH_PATHS_QUOTED_FOR_TARGET_20)</string>
						<string>$(LIBRARY_SEARCH_PATHS_QUOTED_FOR_TARGET_21)</string>
						<string>$(LIBRARY_SEARCH_PATHS_QUOTED_FOR_TARGET_22)</string>
						<string>$(LIBRARY_SEARCH_PATHS_QUOTED_FOR_TARGET_23)</string>
						<string>$(LIBRARY_SEARCH_PATHS_QUOTED_FOR_TARGET_24)</string>
						<string>$(LIBRARY_SEARCH_PATHS_QUOTED_FOR_TARGET_25)</string>
						<string>$(LIBRARY_SEARCH_PATHS_QUOTED_FOR_TARGET_26)</string>
						<string>$(LIBRARY_SEARCH_PATHS_QUOTED_FOR_TARGET_27)</string>
						<string>$(LIBRARY_SEARCH_PATHS_QUOTED_FOR_TARGET_28)</string>
						<string>$(LIBRARY_SEARCH_PATHS_QUOTED_FOR_TARGET_29)</string>
						<string>$(LIBRARY_SEARCH_PATHS_QUOTED_FOR_TARGET_30)</string>
						<string>$(LIBRARY_SEARCH_PATHS_QUOTED_FOR_TARGET_31)</string>
						<string>$(LIBRARY_SEARCH_PATHS_QUOTED_FOR_TARGET_32)</string>
						<string>$(LIBRARY_SEARCH_PATHS_QUOTED_FOR_TARGET_33)</string>
						<string>$(LIBRARY_SEARCH_PATHS_QUOTED_FOR_TARGET_34)</string>
						<string>$(LIBRARY_SEARCH_PATHS_QUOTED_FOR_TARGET_35)</string>
						<string>$(LIBRARY_SEARCH_PATHS_QUOTED_FOR_TARGET_36)</string>
						<string>$(LIBRARY_SEARCH_PATHS_QUOTED_FOR_TARGET_37)</string>
						<string>$(LIBRARY_SEARCH_PATHS_QUOTED_FOR_TARGET_38)</string>
						<string>$(LIBRARY_SEARCH_PATHS_QUOTED_FOR_TARGET_39)</string>
						<string>$(LIBRARY_SEARCH_PATHS_QUOTED_FOR_TARGET_40)</string>
						<string>$(LIBRARY_SEARCH_PATHS_QUOTED_FOR_TARGET_41)</string>
						<string>$(LIBRARY_SEARCH_PATHS_QUOTED_FOR_TARGET_42)</string>
						<string>$(LIBRARY_SEARCH_PATHS_QUOTED_FOR_TARGET_43)</string>
						<string>$(LIBRARY_SEARCH_PATHS_QUOTED_FOR_TARGET_44)</string>
						<string>$(LIBRARY_SEARCH_PATHS_QUOTED_FOR_TARGET_45)</string>
						<string>$(LIBRARY_SEARCH_PATHS_QUOTED_FOR_TARGET_46)</string>
						<string>$(LIBRARY_SEARCH_PATHS_QUOTED_FOR_TARGET_47)</string>
						<string>$(LIBRARY_SEARCH_PATHS_QUOTED_FOR_TARGET_48)</string>
						<string>$(LIBRARY_SEARCH_PATHS_QUOTED_FOR_TARGET_49)</string>
						<string>$(LIBRARY_SEARCH_PATHS_QUOTED_FOR_TARGET_50)</string>
						<string>$(LIBRARY_SEARCH_PATHS_QUOTED_FOR_TARGET_51)</string>
						<string>$(LIBRARY_SEARCH_PATHS_QUOTED_FOR_TARGET_52)</string>
					</array>
					<key>PRODUCT_NAME</key>
					<string>$(TARGET_NAME)Debug</string>
					<key>WRAPPER_EXTENSION</key>
					<string>app</string>
				</dict>
				<key>isa</key>
				<string>XCBuildConfiguration</string>
				<key>name</key>
				<string>Debug</string>
			</dict>
			<key>E4B69B610A3A1757003C02F2</key>
			<dict>
				<key>buildSettings</key>
				<dict>
					<key>COMBINE_HIDPI_IMAGES</key>
					<string>YES</string>
					<key>COPY_PHASE_STRIP</key>
					<string>YES</string>
					<key>FRAMEWORK_SEARCH_PATHS</key>
					<array>
						<string>$(inherited)</string>
						<string>$(FRAMEWORK_SEARCH_PATHS_QUOTED_FOR_TARGET_1)</string>
					</array>
					<key>FRAMEWORK_SEARCH_PATHS_QUOTED_FOR_TARGET_1</key>
					<string>"$(SRCROOT)/../../../libs/glut/lib/osx"</string>
					<key>GCC_GENERATE_DEBUGGING_SYMBOLS</key>
					<string>YES</string>
					<key>GCC_MODEL_TUNING</key>
					<string>NONE</string>
					<key>ICON</key>
					<string>$(ICON_NAME_RELEASE)</string>
					<key>ICON_FILE</key>
					<string>$(ICON_FILE_PATH)$(ICON)</string>
					<key>INFOPLIST_FILE</key>
					<string>openFrameworks-Info.plist</string>
					<key>INSTALL_PATH</key>
					<string>$(HOME)/Applications</string>
					<key>LIBRARY_SEARCH_PATHS</key>
					<array>
						<string>$(inherited)</string>
						<string>$(LIBRARY_SEARCH_PATHS_QUOTED_FOR_TARGET_1)</string>
						<string>$(LIBRARY_SEARCH_PATHS_QUOTED_FOR_TARGET_2)</string>
						<string>$(LIBRARY_SEARCH_PATHS_QUOTED_FOR_TARGET_3)</string>
						<string>$(LIBRARY_SEARCH_PATHS_QUOTED_FOR_TARGET_4)</string>
						<string>$(LIBRARY_SEARCH_PATHS_QUOTED_FOR_TARGET_5)</string>
						<string>$(LIBRARY_SEARCH_PATHS_QUOTED_FOR_TARGET_6)</string>
						<string>$(LIBRARY_SEARCH_PATHS_QUOTED_FOR_TARGET_7)</string>
						<string>$(LIBRARY_SEARCH_PATHS_QUOTED_FOR_TARGET_8)</string>
						<string>$(LIBRARY_SEARCH_PATHS_QUOTED_FOR_TARGET_9)</string>
						<string>$(LIBRARY_SEARCH_PATHS_QUOTED_FOR_TARGET_10)</string>
						<string>$(LIBRARY_SEARCH_PATHS_QUOTED_FOR_TARGET_11)</string>
						<string>$(LIBRARY_SEARCH_PATHS_QUOTED_FOR_TARGET_12)</string>
						<string>$(LIBRARY_SEARCH_PATHS_QUOTED_FOR_TARGET_13)</string>
						<string>$(LIBRARY_SEARCH_PATHS_QUOTED_FOR_TARGET_14)</string>
						<string>$(LIBRARY_SEARCH_PATHS_QUOTED_FOR_TARGET_15)</string>
						<string>$(LIBRARY_SEARCH_PATHS_QUOTED_FOR_TARGET_2)</string>
						<string>$(LIBRARY_SEARCH_PATHS_QUOTED_1)</string>
						<string>$(LIBRARY_SEARCH_PATHS_QUOTED_FOR_TARGET_3)</string>
						<string>$(LIBRARY_SEARCH_PATHS_QUOTED_FOR_TARGET_7)</string>
						<string>$(LIBRARY_SEARCH_PATHS_QUOTED_FOR_TARGET_8)</string>
						<string>$(LIBRARY_SEARCH_PATHS_QUOTED_FOR_TARGET_9)</string>
						<string>$(LIBRARY_SEARCH_PATHS_QUOTED_FOR_TARGET_10)</string>
						<string>$(LIBRARY_SEARCH_PATHS_QUOTED_FOR_TARGET_11)</string>
						<string>$(LIBRARY_SEARCH_PATHS_QUOTED_FOR_TARGET_12)</string>
						<string>$(LIBRARY_SEARCH_PATHS_QUOTED_FOR_TARGET_13)</string>
						<string>$(LIBRARY_SEARCH_PATHS_QUOTED_FOR_TARGET_16)</string>
						<string>$(LIBRARY_SEARCH_PATHS_QUOTED_FOR_TARGET_17)</string>
						<string>$(LIBRARY_SEARCH_PATHS_QUOTED_FOR_TARGET_18)</string>
						<string>$(LIBRARY_SEARCH_PATHS_QUOTED_FOR_TARGET_19)</string>
						<string>$(LIBRARY_SEARCH_PATHS_QUOTED_FOR_TARGET_20)</string>
						<string>$(LIBRARY_SEARCH_PATHS_QUOTED_FOR_TARGET_21)</string>
						<string>$(LIBRARY_SEARCH_PATHS_QUOTED_FOR_TARGET_22)</string>
						<string>$(LIBRARY_SEARCH_PATHS_QUOTED_FOR_TARGET_23)</string>
						<string>$(LIBRARY_SEARCH_PATHS_QUOTED_FOR_TARGET_24)</string>
						<string>$(LIBRARY_SEARCH_PATHS_QUOTED_FOR_TARGET_25)</string>
						<string>$(LIBRARY_SEARCH_PATHS_QUOTED_FOR_TARGET_26)</string>
						<string>$(LIBRARY_SEARCH_PATHS_QUOTED_FOR_TARGET_27)</string>
						<string>$(LIBRARY_SEARCH_PATHS_QUOTED_FOR_TARGET_28)</string>
						<string>$(LIBRARY_SEARCH_PATHS_QUOTED_FOR_TARGET_29)</string>
						<string>$(LIBRARY_SEARCH_PATHS_QUOTED_FOR_TARGET_30)</string>
						<string>$(LIBRARY_SEARCH_PATHS_QUOTED_FOR_TARGET_31)</string>
						<string>$(LIBRARY_SEARCH_PATHS_QUOTED_FOR_TARGET_32)</string>
						<string>$(LIBRARY_SEARCH_PATHS_QUOTED_FOR_TARGET_33)</string>
						<string>$(LIBRARY_SEARCH_PATHS_QUOTED_FOR_TARGET_34)</string>
						<string>$(LIBRARY_SEARCH_PATHS_QUOTED_FOR_TARGET_35)</string>
						<string>$(LIBRARY_SEARCH_PATHS_QUOTED_FOR_TARGET_36)</string>
						<string>$(LIBRARY_SEARCH_PATHS_QUOTED_FOR_TARGET_37)</string>
						<string>$(LIBRARY_SEARCH_PATHS_QUOTED_FOR_TARGET_38)</string>
						<string>$(LIBRARY_SEARCH_PATHS_QUOTED_FOR_TARGET_39)</string>
						<string>$(LIBRARY_SEARCH_PATHS_QUOTED_FOR_TARGET_40)</string>
						<string>$(LIBRARY_SEARCH_PATHS_QUOTED_FOR_TARGET_41)</string>
						<string>$(LIBRARY_SEARCH_PATHS_QUOTED_FOR_TARGET_42)</string>
						<string>$(LIBRARY_SEARCH_PATHS_QUOTED_FOR_TARGET_43)</string>
						<string>$(LIBRARY_SEARCH_PATHS_QUOTED_FOR_TARGET_44)</string>
						<string>$(LIBRARY_SEARCH_PATHS_QUOTED_FOR_TARGET_45)</string>
						<string>$(LIBRARY_SEARCH_PATHS_QUOTED_FOR_TARGET_46)</string>
						<string>$(LIBRARY_SEARCH_PATHS_QUOTED_FOR_TARGET_47)</string>
						<string>$(LIBRARY_SEARCH_PATHS_QUOTED_FOR_TARGET_48)</string>
						<string>$(LIBRARY_SEARCH_PATHS_QUOTED_FOR_TARGET_49)</string>
						<string>$(LIBRARY_SEARCH_PATHS_QUOTED_FOR_TARGET_50)</string>
						<string>$(LIBRARY_SEARCH_PATHS_QUOTED_FOR_TARGET_51)</string>
					</array>
					<key>PRODUCT_NAME</key>
					<string>$(TARGET_NAME)</string>
					<key>WRAPPER_EXTENSION</key>
					<string>app</string>
				</dict>
				<key>isa</key>
				<string>XCBuildConfiguration</string>
				<key>name</key>
				<string>Release</string>
			</dict>
			<key>E4B69E1C0A3A1BDC003C02F2</key>
			<dict>
				<key>children</key>
				<array>
					<string>E4B69E1D0A3A1BDC003C02F2</string>
					<string>E4B69E1E0A3A1BDC003C02F2</string>
					<string>E4B69E1F0A3A1BDC003C02F2</string>
				</array>
				<key>isa</key>
				<string>PBXGroup</string>
				<key>path</key>
				<string>src</string>
				<key>sourceTree</key>
				<string>SOURCE_ROOT</string>
			</dict>
			<key>E4B69E1D0A3A1BDC003C02F2</key>
			<dict>
				<key>fileEncoding</key>
				<string>30</string>
				<key>isa</key>
				<string>PBXFileReference</string>
				<key>lastKnownFileType</key>
				<string>sourcecode.cpp.cpp</string>
				<key>name</key>
				<string>main.cpp</string>
				<key>path</key>
				<string>src/main.cpp</string>
				<key>sourceTree</key>
				<string>SOURCE_ROOT</string>
			</dict>
			<key>E4B69E1E0A3A1BDC003C02F2</key>
			<dict>
				<key>explicitFileType</key>
				<string>sourcecode.cpp.cpp</string>
				<key>fileEncoding</key>
				<string>30</string>
				<key>isa</key>
				<string>PBXFileReference</string>
				<key>name</key>
				<string>ofApp.cpp</string>
				<key>path</key>
				<string>src/ofApp.cpp</string>
				<key>sourceTree</key>
				<string>SOURCE_ROOT</string>
			</dict>
			<key>E4B69E1F0A3A1BDC003C02F2</key>
			<dict>
				<key>fileEncoding</key>
				<string>30</string>
				<key>isa</key>
				<string>PBXFileReference</string>
				<key>lastKnownFileType</key>
				<string>sourcecode.c.h</string>
				<key>name</key>
				<string>ofApp.h</string>
				<key>path</key>
				<string>src/ofApp.h</string>
				<key>sourceTree</key>
				<string>SOURCE_ROOT</string>
			</dict>
			<key>E4B69E200A3A1BDC003C02F2</key>
			<dict>
				<key>fileRef</key>
				<string>E4B69E1D0A3A1BDC003C02F2</string>
				<key>isa</key>
				<string>PBXBuildFile</string>
			</dict>
			<key>E4B69E210A3A1BDC003C02F2</key>
			<dict>
				<key>fileRef</key>
				<string>E4B69E1E0A3A1BDC003C02F2</string>
				<key>isa</key>
				<string>PBXBuildFile</string>
			</dict>
			<key>E4B6FCAD0C3E899E008CF71C</key>
			<dict>
				<key>fileEncoding</key>
				<string>30</string>
				<key>isa</key>
				<string>PBXFileReference</string>
				<key>lastKnownFileType</key>
				<string>text.plist.xml</string>
				<key>path</key>
				<string>openFrameworks-Info.plist</string>
				<key>sourceTree</key>
				<string>&lt;group&gt;</string>
			</dict>
			<key>E4B6FFFD0C3F9AB9008CF71C</key>
			<dict>
				<key>buildActionMask</key>
				<string>2147483647</string>
				<key>files</key>
				<array />
				<key>inputPaths</key>
				<array />
				<key>isa</key>
				<string>PBXShellScriptBuildPhase</string>
				<key>outputPaths</key>
				<array />
				<key>runOnlyForDeploymentPostprocessing</key>
				<string>0</string>
				<key>shellPath</key>
				<string>/bin/sh</string>
				<key>shellScript</key>
				<string>cp -f ../../../libs/fmodex/lib/osx/libfmodex.dylib "$TARGET_BUILD_DIR/$PRODUCT_NAME.app/Contents/MacOS/libfmodex.dylib"; install_name_tool -change ./libfmodex.dylib @executable_path/libfmodex.dylib "$TARGET_BUILD_DIR/$PRODUCT_NAME.app/Contents/MacOS/$PRODUCT_NAME";
mkdir -p "$TARGET_BUILD_DIR/$PRODUCT_NAME.app/Contents/Resources/"
cp -f "$ICON_FILE" "$TARGET_BUILD_DIR/$PRODUCT_NAME.app/Contents/Resources/"
</string>
			</dict>
			<key>E4C2424410CC5A17004149E2</key>
			<dict>
				<key>isa</key>
				<string>PBXFileReference</string>
				<key>lastKnownFileType</key>
				<string>wrapper.framework</string>
				<key>name</key>
				<string>AppKit.framework</string>
				<key>path</key>
				<string>/System/Library/Frameworks/AppKit.framework</string>
				<key>sourceTree</key>
				<string>&lt;absolute&gt;</string>
			</dict>
			<key>E4C2424510CC5A17004149E2</key>
			<dict>
				<key>isa</key>
				<string>PBXFileReference</string>
				<key>lastKnownFileType</key>
				<string>wrapper.framework</string>
				<key>name</key>
				<string>Cocoa.framework</string>
				<key>path</key>
				<string>/System/Library/Frameworks/Cocoa.framework</string>
				<key>sourceTree</key>
				<string>&lt;absolute&gt;</string>
			</dict>
			<key>E4C2424610CC5A17004149E2</key>
			<dict>
				<key>isa</key>
				<string>PBXFileReference</string>
				<key>lastKnownFileType</key>
				<string>wrapper.framework</string>
				<key>name</key>
				<string>IOKit.framework</string>
				<key>path</key>
				<string>/System/Library/Frameworks/IOKit.framework</string>
				<key>sourceTree</key>
				<string>&lt;absolute&gt;</string>
			</dict>
			<key>E4C2424710CC5A17004149E2</key>
			<dict>
				<key>fileRef</key>
				<string>E4C2424410CC5A17004149E2</string>
				<key>isa</key>
				<string>PBXBuildFile</string>
			</dict>
			<key>E4C2424810CC5A17004149E2</key>
			<dict>
				<key>fileRef</key>
				<string>E4C2424510CC5A17004149E2</string>
				<key>isa</key>
				<string>PBXBuildFile</string>
			</dict>
			<key>E4C2424910CC5A17004149E2</key>
			<dict>
				<key>fileRef</key>
				<string>E4C2424610CC5A17004149E2</string>
				<key>isa</key>
				<string>PBXBuildFile</string>
			</dict>
			<key>E4C2427710CC5ABF004149E2</key>
			<dict>
				<key>buildActionMask</key>
				<string>2147483647</string>
				<key>dstPath</key>
				<string />
				<key>dstSubfolderSpec</key>
				<string>10</string>
				<key>files</key>
				<array>
					<string>BBAB23CB13894F3D00AA2426</string>
				</array>
				<key>isa</key>
				<string>PBXCopyFilesBuildPhase</string>
				<key>runOnlyForDeploymentPostprocessing</key>
				<string>0</string>
			</dict>
			<key>E4EB6799138ADC1D00A09F29</key>
			<dict>
				<key>fileRef</key>
				<string>BBAB23BE13894E4700AA2426</string>
				<key>isa</key>
				<string>PBXBuildFile</string>
			</dict>
			<key>E4EB691F138AFCF100A09F29</key>
			<dict>
				<key>fileEncoding</key>
				<string>4</string>
				<key>isa</key>
				<string>PBXFileReference</string>
				<key>lastKnownFileType</key>
				<string>text.xcconfig</string>
				<key>name</key>
				<string>CoreOF.xcconfig</string>
				<key>path</key>
				<string>../../../libs/openFrameworksCompiled/project/osx/CoreOF.xcconfig</string>
				<key>sourceTree</key>
				<string>SOURCE_ROOT</string>
			</dict>
			<key>E4EB6923138AFD0F00A09F29</key>
			<dict>
				<key>fileEncoding</key>
				<string>4</string>
				<key>isa</key>
				<string>PBXFileReference</string>
				<key>lastKnownFileType</key>
				<string>text.xcconfig</string>
				<key>path</key>
				<string>Project.xcconfig</string>
				<key>sourceTree</key>
				<string>&lt;group&gt;</string>
			</dict>
			<key>E4EEB9AB138B136A00A80321</key>
			<dict>
				<key>containerPortal</key>
				<string>E4328143138ABC890047C5CB</string>
				<key>isa</key>
				<string>PBXContainerItemProxy</string>
				<key>proxyType</key>
				<string>1</string>
				<key>remoteGlobalIDString</key>
				<string>E4B27C1410CBEB8E00536013</string>
				<key>remoteInfo</key>
				<string>openFrameworks</string>
			</dict>
			<key>E4EEB9AC138B136A00A80321</key>
			<dict>
				<key>isa</key>
				<string>PBXTargetDependency</string>
				<key>name</key>
				<string>openFrameworks</string>
				<key>targetProxy</key>
				<string>E4EEB9AB138B136A00A80321</string>
			</dict>
			<key>E4EEC9E9138DF44700A80321</key>
			<dict>
				<key>children</key>
				<array>
					<string>E4EB691F138AFCF100A09F29</string>
					<string>E4328143138ABC890047C5CB</string>
				</array>
				<key>isa</key>
				<string>PBXGroup</string>
				<key>name</key>
				<string>openFrameworks</string>
				<key>sourceTree</key>
				<string>&lt;group&gt;</string>
			</dict>
			<key>E7E077E415D3B63C0020DFD4</key>
			<dict>
				<key>isa</key>
				<string>PBXFileReference</string>
				<key>lastKnownFileType</key>
				<string>wrapper.framework</string>
				<key>name</key>
				<string>CoreVideo.framework</string>
				<key>path</key>
				<string>/System/Library/Frameworks/CoreVideo.framework</string>
				<key>sourceTree</key>
				<string>&lt;absolute&gt;</string>
			</dict>
			<key>E7E077E515D3B63C0020DFD4</key>
			<dict>
				<key>fileRef</key>
				<string>E7E077E415D3B63C0020DFD4</string>
				<key>isa</key>
				<string>PBXBuildFile</string>
			</dict>
			<key>E7E077E715D3B6510020DFD4</key>
			<dict>
				<key>isa</key>
				<string>PBXFileReference</string>
				<key>lastKnownFileType</key>
				<string>wrapper.framework</string>
				<key>name</key>
				<string>QTKit.framework</string>
				<key>path</key>
				<string>/System/Library/Frameworks/QTKit.framework</string>
				<key>sourceTree</key>
				<string>&lt;absolute&gt;</string>
			</dict>
			<key>E7E077E815D3B6510020DFD4</key>
			<dict>
				<key>fileRef</key>
				<string>E7E077E715D3B6510020DFD4</string>
				<key>isa</key>
				<string>PBXBuildFile</string>
			</dict>
			<key>E7F985F515E0DE99003869B5</key>
			<dict>
				<key>isa</key>
				<string>PBXFileReference</string>
				<key>lastKnownFileType</key>
				<string>wrapper.framework</string>
				<key>name</key>
				<string>Accelerate.framework</string>
				<key>path</key>
				<string>/System/Library/Frameworks/Accelerate.framework</string>
				<key>sourceTree</key>
				<string>&lt;absolute&gt;</string>
			</dict>
			<key>E7F985F815E0DEA3003869B5</key>
			<dict>
				<key>fileRef</key>
				<string>E7F985F515E0DE99003869B5</string>
				<key>isa</key>
				<string>PBXBuildFile</string>
			</dict>
		</dict>
		<key>rootObject</key>
		<string>E4B69B4C0A3A1720003C02F2</string>
	</dict>
</plist>
